
Microsoft Visual Studio Solution File, Format Version 12.00
# Visual Studio Version 17
VisualStudioVersion = 17.2.32505.173
MinimumVisualStudioVersion = 10.0.40219.1
Project("{9A19103F-16F7-4668-BE54-9A1E7A4F7556}") = "DMX.Gatekeeper.Api", "DMX.Gatekeeper.API\DMX.Gatekeeper.Api.csproj", "{231F040A-E997-47EB-8CC2-B7869F0C2FEB}"
EndProject
Project("{9A19103F-16F7-4668-BE54-9A1E7A4F7556}") = "DMX.Gatekeeper.Api.Tests.Unit", "DMX.Gatekeeper.Api.Tests.Unit\DMX.Gatekeeper.Api.Tests.Unit.csproj", "{8F3E9990-98EA-4C70-A9AC-E6A4FB226FE8}"
EndProject
Project("{9A19103F-16F7-4668-BE54-9A1E7A4F7556}") = "DMX.Gatekeeper.Api.Infrastructure.Build", "DMX.Gatekeeper.Api.Infrastructure.Build\DMX.Gatekeeper.Api.Infrastructure.Build.csproj", "{947703A2-08C3-496B-BDA6-FD49D84648DA}"
EndProject
Project("{9A19103F-16F7-4668-BE54-9A1E7A4F7556}") = "DMX.Gatekeeper.Api.Tests.Acceptance", "DMX.Gatekeeper.Api.Tests.Acceptance\DMX.Gatekeeper.Api.Tests.Acceptance.csproj", "{93069A82-A0BA-49F1-ACB3-EC3C2B0B54E6}"
EndProject
Project("{9A19103F-16F7-4668-BE54-9A1E7A4F7556}") = "DMX.Gatekeeper.Api.Infrastructure.Provision", "DMX.Gatekeeper.Api.Infrastructure.Provision\DMX.Gatekeeper.Api.Infrastructure.Provision.csproj", "{89AA929E-3A35-4DE4-9853-2B70FB592127}"
EndProject
Project("{9A19103F-16F7-4668-BE54-9A1E7A4F7556}") = "UploadLargeBlob.Api", "UploadLargeBlob.Api\UploadLargeBlob.Api.csproj", "{E71F9B48-1572-48C0-9A32-0D9B669FAA03}"
EndProject
Project("{FAE04EC0-301F-11D3-BF4B-00C04F79EFBC}") = "ConsoleApp1", "ConsoleApp1\ConsoleApp1.csproj", "{B68201EC-71E1-4114-8BDB-CB799FDC291D}"
EndProject
Global
	GlobalSection(SolutionConfigurationPlatforms) = preSolution
		Debug|Any CPU = Debug|Any CPU
		Release|Any CPU = Release|Any CPU
	EndGlobalSection
	GlobalSection(ProjectConfigurationPlatforms) = postSolution
		{231F040A-E997-47EB-8CC2-B7869F0C2FEB}.Debug|Any CPU.ActiveCfg = Debug|Any CPU
		{231F040A-E997-47EB-8CC2-B7869F0C2FEB}.Debug|Any CPU.Build.0 = Debug|Any CPU
		{231F040A-E997-47EB-8CC2-B7869F0C2FEB}.Release|Any CPU.ActiveCfg = Release|Any CPU
		{231F040A-E997-47EB-8CC2-B7869F0C2FEB}.Release|Any CPU.Build.0 = Release|Any CPU
		{8F3E9990-98EA-4C70-A9AC-E6A4FB226FE8}.Debug|Any CPU.ActiveCfg = Debug|Any CPU
		{8F3E9990-98EA-4C70-A9AC-E6A4FB226FE8}.Debug|Any CPU.Build.0 = Debug|Any CPU
		{8F3E9990-98EA-4C70-A9AC-E6A4FB226FE8}.Release|Any CPU.ActiveCfg = Release|Any CPU
		{8F3E9990-98EA-4C70-A9AC-E6A4FB226FE8}.Release|Any CPU.Build.0 = Release|Any CPU
		{947703A2-08C3-496B-BDA6-FD49D84648DA}.Debug|Any CPU.ActiveCfg = Debug|Any CPU
		{947703A2-08C3-496B-BDA6-FD49D84648DA}.Debug|Any CPU.Build.0 = Debug|Any CPU
		{947703A2-08C3-496B-BDA6-FD49D84648DA}.Release|Any CPU.ActiveCfg = Release|Any CPU
		{947703A2-08C3-496B-BDA6-FD49D84648DA}.Release|Any CPU.Build.0 = Release|Any CPU
		{93069A82-A0BA-49F1-ACB3-EC3C2B0B54E6}.Debug|Any CPU.ActiveCfg = Debug|Any CPU
		{93069A82-A0BA-49F1-ACB3-EC3C2B0B54E6}.Debug|Any CPU.Build.0 = Debug|Any CPU
		{93069A82-A0BA-49F1-ACB3-EC3C2B0B54E6}.Release|Any CPU.ActiveCfg = Release|Any CPU
		{93069A82-A0BA-49F1-ACB3-EC3C2B0B54E6}.Release|Any CPU.Build.0 = Release|Any CPU
		{89AA929E-3A35-4DE4-9853-2B70FB592127}.Debug|Any CPU.ActiveCfg = Debug|Any CPU
		{89AA929E-3A35-4DE4-9853-2B70FB592127}.Debug|Any CPU.Build.0 = Debug|Any CPU
		{89AA929E-3A35-4DE4-9853-2B70FB592127}.Release|Any CPU.ActiveCfg = Release|Any CPU
		{89AA929E-3A35-4DE4-9853-2B70FB592127}.Release|Any CPU.Build.0 = Release|Any CPU
		{E71F9B48-1572-48C0-9A32-0D9B669FAA03}.Debug|Any CPU.ActiveCfg = Debug|Any CPU
		{E71F9B48-1572-48C0-9A32-0D9B669FAA03}.Debug|Any CPU.Build.0 = Debug|Any CPU
		{E71F9B48-1572-48C0-9A32-0D9B669FAA03}.Release|Any CPU.ActiveCfg = Release|Any CPU
		{E71F9B48-1572-48C0-9A32-0D9B669FAA03}.Release|Any CPU.Build.0 = Release|Any CPU
		{B68201EC-71E1-4114-8BDB-CB799FDC291D}.Debug|Any CPU.ActiveCfg = Debug|Any CPU
		{B68201EC-71E1-4114-8BDB-CB799FDC291D}.Debug|Any CPU.Build.0 = Debug|Any CPU
		{B68201EC-71E1-4114-8BDB-CB799FDC291D}.Release|Any CPU.ActiveCfg = Release|Any CPU
		{B68201EC-71E1-4114-8BDB-CB799FDC291D}.Release|Any CPU.Build.0 = Release|Any CPU
	EndGlobalSection
	GlobalSection(SolutionProperties) = preSolution
		HideSolutionNode = FALSE
	EndGlobalSection
	GlobalSection(ExtensibilityGlobals) = postSolution
		SolutionGuid = {A8DDC18E-EB50-4761-977E-579024D930C0}
	EndGlobalSection
EndGlobal
